
Microsoft Visual Studio Solution File, Format Version 12.00
# Visual Studio Version 17
VisualStudioVersion = 17.14.36518.9 d17.14
MinimumVisualStudioVersion = 10.0.40219.1
Project("{FAE04EC0-301F-11D3-BF4B-00C04F79EFBC}") = "Lab4_zad2", "Lab4_zad2\Lab4_zad2.csproj", "{2DD9D084-5DB4-4C44-971F-3867E862D706}"
EndProject
Global
	GlobalSection(SolutionConfigurationPlatforms) = preSolution
		Debug|Any CPU = Debug|Any CPU
		Release|Any CPU = Release|Any CPU
	EndGlobalSection
	GlobalSection(ProjectConfigurationPlatforms) = postSolution
		{2DD9D084-5DB4-4C44-971F-3867E862D706}.Debug|Any CPU.ActiveCfg = Debug|Any CPU
		{2DD9D084-5DB4-4C44-971F-3867E862D706}.Debug|Any CPU.Build.0 = Debug|Any CPU
		{2DD9D084-5DB4-4C44-971F-3867E862D706}.Release|Any CPU.ActiveCfg = Release|Any CPU
		{2DD9D084-5DB4-4C44-971F-3867E862D706}.Release|Any CPU.Build.0 = Release|Any CPU
	EndGlobalSection
	GlobalSection(SolutionProperties) = preSolution
		HideSolutionNode = FALSE
	EndGlobalSection
	GlobalSection(ExtensibilityGlobals) = postSolution
		SolutionGuid = {5BEB7503-58F0-479D-AE50-C5533C55A867}
	EndGlobalSection
EndGlobal
