
Microsoft Visual Studio Solution File, Format Version 12.00
# Visual Studio Version 17
VisualStudioVersion = 17.14.36518.9 d17.14
MinimumVisualStudioVersion = 10.0.40219.1
Project("{FAE04EC0-301F-11D3-BF4B-00C04F79EFBC}") = "Programowanie_obiektowe", "Programowanie_obiektowe\Programowanie_obiektowe.csproj", "{50DAB8FD-CB9B-4C35-B842-2DC6127B751A}"
EndProject
Global
	GlobalSection(SolutionConfigurationPlatforms) = preSolution
		Debug|Any CPU = Debug|Any CPU
		Release|Any CPU = Release|Any CPU
	EndGlobalSection
	GlobalSection(ProjectConfigurationPlatforms) = postSolution
		{50DAB8FD-CB9B-4C35-B842-2DC6127B751A}.Debug|Any CPU.ActiveCfg = Debug|Any CPU
		{50DAB8FD-CB9B-4C35-B842-2DC6127B751A}.Debug|Any CPU.Build.0 = Debug|Any CPU
		{50DAB8FD-CB9B-4C35-B842-2DC6127B751A}.Release|Any CPU.ActiveCfg = Release|Any CPU
		{50DAB8FD-CB9B-4C35-B842-2DC6127B751A}.Release|Any CPU.Build.0 = Release|Any CPU
	EndGlobalSection
	GlobalSection(SolutionProperties) = preSolution
		HideSolutionNode = FALSE
	EndGlobalSection
	GlobalSection(ExtensibilityGlobals) = postSolution
		SolutionGuid = {39B2BDC6-77E3-489A-B851-130FF150183F}
	EndGlobalSection
EndGlobal
